// !$*UTF8*$!
{
	archiveVersion = 1;
	classes = {
	};
	objectVersion = 55;
	objects = {

/* Begin PBXBuildFile section */
		6ACE3B7227FB4DFC009DAAF5 /* AppDelegate.swift in Sources */ = {isa = PBXBuildFile; fileRef = 6ACE3B7127FB4DFC009DAAF5 /* AppDelegate.swift */; };
		6ACE3B7427FB4DFC009DAAF5 /* SceneDelegate.swift in Sources */ = {isa = PBXBuildFile; fileRef = 6ACE3B7327FB4DFC009DAAF5 /* SceneDelegate.swift */; };
		6ACE3B7627FB4DFC009DAAF5 /* ViewController.swift in Sources */ = {isa = PBXBuildFile; fileRef = 6ACE3B7527FB4DFC009DAAF5 /* ViewController.swift */; };
		6ACE3B7927FB4DFC009DAAF5 /* Main.storyboard in Resources */ = {isa = PBXBuildFile; fileRef = 6ACE3B7727FB4DFC009DAAF5 /* Main.storyboard */; };
		6ACE3B7B27FB4DFD009DAAF5 /* Assets.xcassets in Resources */ = {isa = PBXBuildFile; fileRef = 6ACE3B7A27FB4DFD009DAAF5 /* Assets.xcassets */; };
		6ACE3B7E27FB4DFD009DAAF5 /* LaunchScreen.storyboard in Resources */ = {isa = PBXBuildFile; fileRef = 6ACE3B7C27FB4DFD009DAAF5 /* LaunchScreen.storyboard */; };
		6ACE3B8927FB4DFE009DAAF5 /* WeatherTests.swift in Sources */ = {isa = PBXBuildFile; fileRef = 6ACE3B8827FB4DFE009DAAF5 /* WeatherTests.swift */; };
		6ACE3B9327FB4DFE009DAAF5 /* WeatherUITests.swift in Sources */ = {isa = PBXBuildFile; fileRef = 6ACE3B9227FB4DFE009DAAF5 /* WeatherUITests.swift */; };
		6ACE3B9527FB4DFE009DAAF5 /* WeatherUITestsLaunchTests.swift in Sources */ = {isa = PBXBuildFile; fileRef = 6ACE3B9427FB4DFE009DAAF5 /* WeatherUITestsLaunchTests.swift */; };
/* End PBXBuildFile section */

/* Begin PBXContainerItemProxy section */
		6ACE3B8527FB4DFE009DAAF5 /* PBXContainerItemProxy */ = {
			isa = PBXContainerItemProxy;
			containerPortal = 6ACE3B6627FB4DFC009DAAF5 /* Project object */;
			proxyType = 1;
			remoteGlobalIDString = 6ACE3B6D27FB4DFC009DAAF5;
			remoteInfo = Weather;
		};
		6ACE3B8F27FB4DFE009DAAF5 /* PBXContainerItemProxy */ = {
			isa = PBXContainerItemProxy;
			containerPortal = 6ACE3B6627FB4DFC009DAAF5 /* Project object */;
			proxyType = 1;
			remoteGlobalIDString = 6ACE3B6D27FB4DFC009DAAF5;
			remoteInfo = Weather;
		};
/* End PBXContainerItemProxy section */

/* Begin PBXFileReference section */
		6ACE3B6E27FB4DFC009DAAF5 /* Weather.app */ = {isa = PBXFileReference; explicitFileType = wrapper.application; includeInIndex = 0; path = Weather.app; sourceTree = BUILT_PRODUCTS_DIR; };
		6ACE3B7127FB4DFC009DAAF5 /* AppDelegate.swift */ = {isa = PBXFileReference; lastKnownFileType = sourcecode.swift; path = AppDelegate.swift; sourceTree = "<group>"; };
		6ACE3B7327FB4DFC009DAAF5 /* SceneDelegate.swift */ = {isa = PBXFileReference; lastKnownFileType = sourcecode.swift; path = SceneDelegate.swift; sourceTree = "<group>"; };
		6ACE3B7527FB4DFC009DAAF5 /* ViewController.swift */ = {isa = PBXFileReference; lastKnownFileType = sourcecode.swift; path = ViewController.swift; sourceTree = "<group>"; };
		6ACE3B7827FB4DFC009DAAF5 /* Base */ = {isa = PBXFileReference; lastKnownFileType = file.storyboard; name = Base; path = Base.lproj/Main.storyboard; sourceTree = "<group>"; };
		6ACE3B7A27FB4DFD009DAAF5 /* Assets.xcassets */ = {isa = PBXFileReference; lastKnownFileType = folder.assetcatalog; path = Assets.xcassets; sourceTree = "<group>"; };
		6ACE3B7D27FB4DFD009DAAF5 /* Base */ = {isa = PBXFileReference; lastKnownFileType = file.storyboard; name = Base; path = Base.lproj/LaunchScreen.storyboard; sourceTree = "<group>"; };
		6ACE3B7F27FB4DFD009DAAF5 /* Info.plist */ = {isa = PBXFileReference; lastKnownFileType = text.plist.xml; path = Info.plist; sourceTree = "<group>"; };
		6ACE3B8427FB4DFE009DAAF5 /* WeatherTests.xctest */ = {isa = PBXFileReference; explicitFileType = wrapper.cfbundle; includeInIndex = 0; path = WeatherTests.xctest; sourceTree = BUILT_PRODUCTS_DIR; };
		6ACE3B8827FB4DFE009DAAF5 /* WeatherTests.swift */ = {isa = PBXFileReference; lastKnownFileType = sourcecode.swift; path = WeatherTests.swift; sourceTree = "<group>"; };
		6ACE3B8E27FB4DFE009DAAF5 /* WeatherUITests.xctest */ = {isa = PBXFileReference; explicitFileType = wrapper.cfbundle; includeInIndex = 0; path = WeatherUITests.xctest; sourceTree = BUILT_PRODUCTS_DIR; };
		6ACE3B9227FB4DFE009DAAF5 /* WeatherUITests.swift */ = {isa = PBXFileReference; lastKnownFileType = sourcecode.swift; path = WeatherUITests.swift; sourceTree = "<group>"; };
		6ACE3B9427FB4DFE009DAAF5 /* WeatherUITestsLaunchTests.swift */ = {isa = PBXFileReference; lastKnownFileType = sourcecode.swift; path = WeatherUITestsLaunchTests.swift; sourceTree = "<group>"; };
/* End PBXFileReference section */

/* Begin PBXFrameworksBuildPhase section */
		6ACE3B6B27FB4DFC009DAAF5 /* Frameworks */ = {
			isa = PBXFrameworksBuildPhase;
			buildActionMask = 2147483647;
			files = (
			);
			runOnlyForDeploymentPostprocessing = 0;
		};
		6ACE3B8127FB4DFE009DAAF5 /* Frameworks */ = {
			isa = PBXFrameworksBuildPhase;
			buildActionMask = 2147483647;
			files = (
			);
			runOnlyForDeploymentPostprocessing = 0;
		};
		6ACE3B8B27FB4DFE009DAAF5 /* Frameworks */ = {
			isa = PBXFrameworksBuildPhase;
			buildActionMask = 2147483647;
			files = (
			);
			runOnlyForDeploymentPostprocessing = 0;
		};
/* End PBXFrameworksBuildPhase section */

/* Begin PBXGroup section */
		6ACE3B6527FB4DFC009DAAF5 = {
			isa = PBXGroup;
			children = (
				6ACE3B7027FB4DFC009DAAF5 /* Weather */,
				6ACE3B8727FB4DFE009DAAF5 /* WeatherTests */,
				6ACE3B9127FB4DFE009DAAF5 /* WeatherUITests */,
				6ACE3B6F27FB4DFC009DAAF5 /* Products */,
			);
			sourceTree = "<group>";
		};
		6ACE3B6F27FB4DFC009DAAF5 /* Products */ = {
			isa = PBXGroup;
			children = (
				6ACE3B6E27FB4DFC009DAAF5 /* Weather.app */,
				6ACE3B8427FB4DFE009DAAF5 /* WeatherTests.xctest */,
				6ACE3B8E27FB4DFE009DAAF5 /* WeatherUITests.xctest */,
			);
			name = Products;
			sourceTree = "<group>";
		};
		6ACE3B7027FB4DFC009DAAF5 /* Weather */ = {
			isa = PBXGroup;
			children = (
				6ACE3B7127FB4DFC009DAAF5 /* AppDelegate.swift */,
				6ACE3B7327FB4DFC009DAAF5 /* SceneDelegate.swift */,
				6ACE3B7527FB4DFC009DAAF5 /* ViewController.swift */,
				6ACE3B7727FB4DFC009DAAF5 /* Main.storyboard */,
				6ACE3B7A27FB4DFD009DAAF5 /* Assets.xcassets */,
				6ACE3B7C27FB4DFD009DAAF5 /* LaunchScreen.storyboard */,
				6ACE3B7F27FB4DFD009DAAF5 /* Info.plist */,
			);
			path = Weather;
			sourceTree = "<group>";
		};
		6ACE3B8727FB4DFE009DAAF5 /* WeatherTests */ = {
			isa = PBXGroup;
			children = (
				6ACE3B8827FB4DFE009DAAF5 /* WeatherTests.swift */,
			);
			path = WeatherTests;
			sourceTree = "<group>";
		};
		6ACE3B9127FB4DFE009DAAF5 /* WeatherUITests */ = {
			isa = PBXGroup;
			children = (
				6ACE3B9227FB4DFE009DAAF5 /* WeatherUITests.swift */,
				6ACE3B9427FB4DFE009DAAF5 /* WeatherUITestsLaunchTests.swift */,
			);
			path = WeatherUITests;
			sourceTree = "<group>";
		};
/* End PBXGroup section */

/* Begin PBXNativeTarget section */
		6ACE3B6D27FB4DFC009DAAF5 /* Weather */ = {
			isa = PBXNativeTarget;
			buildConfigurationList = 6ACE3B9827FB4DFE009DAAF5 /* Build configuration list for PBXNativeTarget "Weather" */;
			buildPhases = (
				6ACE3B6A27FB4DFC009DAAF5 /* Sources */,
				6ACE3B6B27FB4DFC009DAAF5 /* Frameworks */,
				6ACE3B6C27FB4DFC009DAAF5 /* Resources */,
			);
			buildRules = (
			);
			dependencies = (
			);
			name = Weather;
			productName = Weather;
			productReference = 6ACE3B6E27FB4DFC009DAAF5 /* Weather.app */;
			productType = "com.apple.product-type.application";
		};
		6ACE3B8327FB4DFE009DAAF5 /* WeatherTests */ = {
			isa = PBXNativeTarget;
			buildConfigurationList = 6ACE3B9B27FB4DFE009DAAF5 /* Build configuration list for PBXNativeTarget "WeatherTests" */;
			buildPhases = (
				6ACE3B8027FB4DFE009DAAF5 /* Sources */,
				6ACE3B8127FB4DFE009DAAF5 /* Frameworks */,
				6ACE3B8227FB4DFE009DAAF5 /* Resources */,
			);
			buildRules = (
			);
			dependencies = (
				6ACE3B8627FB4DFE009DAAF5 /* PBXTargetDependency */,
			);
			name = WeatherTests;
			productName = WeatherTests;
			productReference = 6ACE3B8427FB4DFE009DAAF5 /* WeatherTests.xctest */;
			productType = "com.apple.product-type.bundle.unit-test";
		};
		6ACE3B8D27FB4DFE009DAAF5 /* WeatherUITests */ = {
			isa = PBXNativeTarget;
			buildConfigurationList = 6ACE3B9E27FB4DFE009DAAF5 /* Build configuration list for PBXNativeTarget "WeatherUITests" */;
			buildPhases = (
				6ACE3B8A27FB4DFE009DAAF5 /* Sources */,
				6ACE3B8B27FB4DFE009DAAF5 /* Frameworks */,
				6ACE3B8C27FB4DFE009DAAF5 /* Resources */,
			);
			buildRules = (
			);
			dependencies = (
				6ACE3B9027FB4DFE009DAAF5 /* PBXTargetDependency */,
			);
			name = WeatherUITests;
			productName = WeatherUITests;
			productReference = 6ACE3B8E27FB4DFE009DAAF5 /* WeatherUITests.xctest */;
			productType = "com.apple.product-type.bundle.ui-testing";
		};
/* End PBXNativeTarget section */

/* Begin PBXProject section */
		6ACE3B6627FB4DFC009DAAF5 /* Project object */ = {
			isa = PBXProject;
			attributes = {
				BuildIndependentTargetsInParallel = 1;
				LastSwiftUpdateCheck = 1320;
				LastUpgradeCheck = 1320;
				TargetAttributes = {
					6ACE3B6D27FB4DFC009DAAF5 = {
						CreatedOnToolsVersion = 13.2.1;
					};
					6ACE3B8327FB4DFE009DAAF5 = {
						CreatedOnToolsVersion = 13.2.1;
						TestTargetID = 6ACE3B6D27FB4DFC009DAAF5;
					};
					6ACE3B8D27FB4DFE009DAAF5 = {
						CreatedOnToolsVersion = 13.2.1;
						TestTargetID = 6ACE3B6D27FB4DFC009DAAF5;
					};
				};
			};
			buildConfigurationList = 6ACE3B6927FB4DFC009DAAF5 /* Build configuration list for PBXProject "Weather" */;
			compatibilityVersion = "Xcode 13.0";
			developmentRegion = en;
			hasScannedForEncodings = 0;
			knownRegions = (
				en,
				Base,
			);
			mainGroup = 6ACE3B6527FB4DFC009DAAF5;
			productRefGroup = 6ACE3B6F27FB4DFC009DAAF5 /* Products */;
			projectDirPath = "";
			projectRoot = "";
			targets = (
				6ACE3B6D27FB4DFC009DAAF5 /* Weather */,
				6ACE3B8327FB4DFE009DAAF5 /* WeatherTests */,
				6ACE3B8D27FB4DFE009DAAF5 /* WeatherUITests */,
			);
		};
/* End PBXProject section */

/* Begin PBXResourcesBuildPhase section */
		6ACE3B6C27FB4DFC009DAAF5 /* Resources */ = {
			isa = PBXResourcesBuildPhase;
			buildActionMask = 2147483647;
			files = (
				6ACE3B7E27FB4DFD009DAAF5 /* LaunchScreen.storyboard in Resources */,
				6ACE3B7B27FB4DFD009DAAF5 /* Assets.xcassets in Resources */,
				6ACE3B7927FB4DFC009DAAF5 /* Main.storyboard in Resources */,
			);
			runOnlyForDeploymentPostprocessing = 0;
		};
		6ACE3B8227FB4DFE009DAAF5 /* Resources */ = {
			isa = PBXResourcesBuildPhase;
			buildActionMask = 2147483647;
			files = (
			);
			runOnlyForDeploymentPostprocessing = 0;
		};
		6ACE3B8C27FB4DFE009DAAF5 /* Resources */ = {
			isa = PBXResourcesBuildPhase;
			buildActionMask = 2147483647;
			files = (
			);
			runOnlyForDeploymentPostprocessing = 0;
		};
/* End PBXResourcesBuildPhase section */

/* Begin PBXSourcesBuildPhase section */
		6ACE3B6A27FB4DFC009DAAF5 /* Sources */ = {
			isa = PBXSourcesBuildPhase;
			buildActionMask = 2147483647;
			files = (
				6ACE3B7627FB4DFC009DAAF5 /* ViewController.swift in Sources */,
				6ACE3B7227FB4DFC009DAAF5 /* AppDelegate.swift in Sources */,
				6ACE3B7427FB4DFC009DAAF5 /* SceneDelegate.swift in Sources */,
			);
			runOnlyForDeploymentPostprocessing = 0;
		};
		6ACE3B8027FB4DFE009DAAF5 /* Sources */ = {
			isa = PBXSourcesBuildPhase;
			buildActionMask = 2147483647;
			files = (
				6ACE3B8927FB4DFE009DAAF5 /* WeatherTests.swift in Sources */,
			);
			runOnlyForDeploymentPostprocessing = 0;
		};
		6ACE3B8A27FB4DFE009DAAF5 /* Sources */ = {
			isa = PBXSourcesBuildPhase;
			buildActionMask = 2147483647;
			files = (
				6ACE3B9327FB4DFE009DAAF5 /* WeatherUITests.swift in Sources */,
				6ACE3B9527FB4DFE009DAAF5 /* WeatherUITestsLaunchTests.swift in Sources */,
			);
			runOnlyForDeploymentPostprocessing = 0;
		};
/* End PBXSourcesBuildPhase section */

/* Begin PBXTargetDependency section */
		6ACE3B8627FB4DFE009DAAF5 /* PBXTargetDependency */ = {
			isa = PBXTargetDependency;
			target = 6ACE3B6D27FB4DFC009DAAF5 /* Weather */;
			targetProxy = 6ACE3B8527FB4DFE009DAAF5 /* PBXContainerItemProxy */;
		};
		6ACE3B9027FB4DFE009DAAF5 /* PBXTargetDependency */ = {
			isa = PBXTargetDependency;
			target = 6ACE3B6D27FB4DFC009DAAF5 /* Weather */;
			targetProxy = 6ACE3B8F27FB4DFE009DAAF5 /* PBXContainerItemProxy */;
		};
/* End PBXTargetDependency section */

/* Begin PBXVariantGroup section */
		6ACE3B7727FB4DFC009DAAF5 /* Main.storyboard */ = {
			isa = PBXVariantGroup;
			children = (
				6ACE3B7827FB4DFC009DAAF5 /* Base */,
			);
			name = Main.storyboard;
			sourceTree = "<group>";
		};
		6ACE3B7C27FB4DFD009DAAF5 /* LaunchScreen.storyboard */ = {
			isa = PBXVariantGroup;
			children = (
				6ACE3B7D27FB4DFD009DAAF5 /* Base */,
			);
			name = LaunchScreen.storyboard;
			sourceTree = "<group>";
		};
/* End PBXVariantGroup section */

/* Begin XCBuildConfiguration section */
		6ACE3B9627FB4DFE009DAAF5 /* Debug */ = {
			isa = XCBuildConfiguration;
			buildSettings = {
				ALWAYS_SEARCH_USER_PATHS = NO;
				CLANG_ANALYZER_NONNULL = YES;
				CLANG_ANALYZER_NUMBER_OBJECT_CONVERSION = YES_AGGRESSIVE;
				CLANG_CXX_LANGUAGE_STANDARD = "gnu++17";
				CLANG_CXX_LIBRARY = "libc++";
				CLANG_ENABLE_MODULES = YES;
				CLANG_ENABLE_OBJC_ARC = YES;
				CLANG_ENABLE_OBJC_WEAK = YES;
				CLANG_WARN_BLOCK_CAPTURE_AUTORELEASING = YES;
				CLANG_WARN_BOOL_CONVERSION = YES;
				CLANG_WARN_COMMA = YES;
				CLANG_WARN_CONSTANT_CONVERSION = YES;
				CLANG_WARN_DEPRECATED_OBJC_IMPLEMENTATIONS = YES;
				CLANG_WARN_DIRECT_OBJC_ISA_USAGE = YES_ERROR;
				CLANG_WARN_DOCUMENTATION_COMMENTS = YES;
				CLANG_WARN_EMPTY_BODY = YES;
				CLANG_WARN_ENUM_CONVERSION = YES;
				CLANG_WARN_INFINITE_RECURSION = YES;
				CLANG_WARN_INT_CONVERSION = YES;
				CLANG_WARN_NON_LITERAL_NULL_CONVERSION = YES;
				CLANG_WARN_OBJC_IMPLICIT_RETAIN_SELF = YES;
				CLANG_WARN_OBJC_LITERAL_CONVERSION = YES;
				CLANG_WARN_OBJC_ROOT_CLASS = YES_ERROR;
				CLANG_WARN_QUOTED_INCLUDE_IN_FRAMEWORK_HEADER = YES;
				CLANG_WARN_RANGE_LOOP_ANALYSIS = YES;
				CLANG_WARN_STRICT_PROTOTYPES = YES;
				CLANG_WARN_SUSPICIOUS_MOVE = YES;
				CLANG_WARN_UNGUARDED_AVAILABILITY = YES_AGGRESSIVE;
				CLANG_WARN_UNREACHABLE_CODE = YES;
				CLANG_WARN__DUPLICATE_METHOD_MATCH = YES;
				COPY_PHASE_STRIP = NO;
				DEBUG_INFORMATION_FORMAT = dwarf;
				ENABLE_STRICT_OBJC_MSGSEND = YES;
				ENABLE_TESTABILITY = YES;
				GCC_C_LANGUAGE_STANDARD = gnu11;
				GCC_DYNAMIC_NO_PIC = NO;
				GCC_NO_COMMON_BLOCKS = YES;
				GCC_OPTIMIZATION_LEVEL = 0;
				GCC_PREPROCESSOR_DEFINITIONS = (
					"DEBUG=1",
					"$(inherited)",
				);
				GCC_WARN_64_TO_32_BIT_CONVERSION = YES;
				GCC_WARN_ABOUT_RETURN_TYPE = YES_ERROR;
				GCC_WARN_UNDECLARED_SELECTOR = YES;
				GCC_WARN_UNINITIALIZED_AUTOS = YES_AGGRESSIVE;
				GCC_WARN_UNUSED_FUNCTION = YES;
				GCC_WARN_UNUSED_VARIABLE = YES;
				IPHONEOS_DEPLOYMENT_TARGET = 15.2;
				MTL_ENABLE_DEBUG_INFO = INCLUDE_SOURCE;
				MTL_FAST_MATH = YES;
				ONLY_ACTIVE_ARCH = YES;
				SDKROOT = iphoneos;
				SWIFT_ACTIVE_COMPILATION_CONDITIONS = DEBUG;
				SWIFT_OPTIMIZATION_LEVEL = "-Onone";
			};
			name = Debug;
		};
		6ACE3B9727FB4DFE009DAAF5 /* Release */ = {
			isa = XCBuildConfiguration;
			buildSettings = {
				ALWAYS_SEARCH_USER_PATHS = NO;
				CLANG_ANALYZER_NONNULL = YES;
				CLANG_ANALYZER_NUMBER_OBJECT_CONVERSION = YES_AGGRESSIVE;
				CLANG_CXX_LANGUAGE_STANDARD = "gnu++17";
				CLANG_CXX_LIBRARY = "libc++";
				CLANG_ENABLE_MODULES = YES;
				CLANG_ENABLE_OBJC_ARC = YES;
				CLANG_ENABLE_OBJC_WEAK = YES;
				CLANG_WARN_BLOCK_CAPTURE_AUTORELEASING = YES;
				CLANG_WARN_BOOL_CONVERSION = YES;
				CLANG_WARN_COMMA = YES;
				CLANG_WARN_CONSTANT_CONVERSION = YES;
				CLANG_WARN_DEPRECATED_OBJC_IMPLEMENTATIONS = YES;
				CLANG_WARN_DIRECT_OBJC_ISA_USAGE = YES_ERROR;
				CLANG_WARN_DOCUMENTATION_COMMENTS = YES;
				CLANG_WARN_EMPTY_BODY = YES;
				CLANG_WARN_ENUM_CONVERSION = YES;
				CLANG_WARN_INFINITE_RECURSION = YES;
				CLANG_WARN_INT_CONVERSION = YES;
				CLANG_WARN_NON_LITERAL_NULL_CONVERSION = YES;
				CLANG_WARN_OBJC_IMPLICIT_RETAIN_SELF = YES;
				CLANG_WARN_OBJC_LITERAL_CONVERSION = YES;
				CLANG_WARN_OBJC_ROOT_CLASS = YES_ERROR;
				CLANG_WARN_QUOTED_INCLUDE_IN_FRAMEWORK_HEADER = YES;
				CLANG_WARN_RANGE_LOOP_ANALYSIS = YES;
				CLANG_WARN_STRICT_PROTOTYPES = YES;
				CLANG_WARN_SUSPICIOUS_MOVE = YES;
				CLANG_WARN_UNGUARDED_AVAILABILITY = YES_AGGRESSIVE;
				CLANG_WARN_UNREACHABLE_CODE = YES;
				CLANG_WARN__DUPLICATE_METHOD_MATCH = YES;
				COPY_PHASE_STRIP = NO;
				DEBUG_INFORMATION_FORMAT = "dwarf-with-dsym";
				ENABLE_NS_ASSERTIONS = NO;
				ENABLE_STRICT_OBJC_MSGSEND = YES;
				GCC_C_LANGUAGE_STANDARD = gnu11;
				GCC_NO_COMMON_BLOCKS = YES;
				GCC_WARN_64_TO_32_BIT_CONVERSION = YES;
				GCC_WARN_ABOUT_RETURN_TYPE = YES_ERROR;
				GCC_WARN_UNDECLARED_SELECTOR = YES;
				GCC_WARN_UNINITIALIZED_AUTOS = YES_AGGRESSIVE;
				GCC_WARN_UNUSED_FUNCTION = YES;
				GCC_WARN_UNUSED_VARIABLE = YES;
				IPHONEOS_DEPLOYMENT_TARGET = 15.2;
				MTL_ENABLE_DEBUG_INFO = NO;
				MTL_FAST_MATH = YES;
				SDKROOT = iphoneos;
				SWIFT_COMPILATION_MODE = wholemodule;
				SWIFT_OPTIMIZATION_LEVEL = "-O";
				VALIDATE_PRODUCT = YES;
			};
			name = Release;
		};
		6ACE3B9927FB4DFE009DAAF5 /* Debug */ = {
			isa = XCBuildConfiguration;
			buildSettings = {
				ASSETCATALOG_COMPILER_APPICON_NAME = AppIcon;
				ASSETCATALOG_COMPILER_GLOBAL_ACCENT_COLOR_NAME = AccentColor;
				CODE_SIGN_STYLE = Automatic;
				CURRENT_PROJECT_VERSION = 1;
				DEVELOPMENT_TEAM = 5SB3H4Y5NS;
				GENERATE_INFOPLIST_FILE = YES;
				INFOPLIST_FILE = Weather/Info.plist;
				INFOPLIST_KEY_UIApplicationSupportsIndirectInputEvents = YES;
				INFOPLIST_KEY_UILaunchStoryboardName = LaunchScreen;
				INFOPLIST_KEY_UIMainStoryboardFile = Main;
				INFOPLIST_KEY_UISupportedInterfaceOrientations_iPad = "UIInterfaceOrientationPortrait UIInterfaceOrientationPortraitUpsideDown UIInterfaceOrientationLandscapeLeft UIInterfaceOrientationLandscapeRight";
				INFOPLIST_KEY_UISupportedInterfaceOrientations_iPhone = "UIInterfaceOrientationPortrait UIInterfaceOrientationLandscapeLeft UIInterfaceOrientationLandscapeRight";
				LD_RUNPATH_SEARCH_PATHS = (
					"$(inherited)",
					"@executable_path/Frameworks",
				);
				MARKETING_VERSION = 1.0;
				PRODUCT_BUNDLE_IDENTIFIER = com.ldakhoa.Weather;
				PRODUCT_NAME = "$(TARGET_NAME)";
				SWIFT_EMIT_LOC_STRINGS = YES;
				SWIFT_VERSION = 5.0;
				TARGETED_DEVICE_FAMILY = "1,2";
			};
			name = Debug;
		};
		6ACE3B9A27FB4DFE009DAAF5 /* Release */ = {
			isa = XCBuildConfiguration;
			buildSettings = {
				ASSETCATALOG_COMPILER_APPICON_NAME = AppIcon;
				ASSETCATALOG_COMPILER_GLOBAL_ACCENT_COLOR_NAME = AccentColor;
				CODE_SIGN_STYLE = Automatic;
				CURRENT_PROJECT_VERSION = 1;
				DEVELOPMENT_TEAM = 5SB3H4Y5NS;
				GENERATE_INFOPLIST_FILE = YES;
				INFOPLIST_FILE = Weather/Info.plist;
				INFOPLIST_KEY_UIApplicationSupportsIndirectInputEvents = YES;
				INFOPLIST_KEY_UILaunchStoryboardName = LaunchScreen;
				INFOPLIST_KEY_UIMainStoryboardFile = Main;
				INFOPLIST_KEY_UISupportedInterfaceOrientations_iPad = "UIInterfaceOrientationPortrait UIInterfaceOrientationPortraitUpsideDown UIInterfaceOrientationLandscapeLeft UIInterfaceOrientationLandscapeRight";
				INFOPLIST_KEY_UISupportedInterfaceOrientations_iPhone = "UIInterfaceOrientationPortrait UIInterfaceOrientationLandscapeLeft UIInterfaceOrientationLandscapeRight";
				LD_RUNPATH_SEARCH_PATHS = (
					"$(inherited)",
					"@executable_path/Frameworks",
				);
				MARKETING_VERSION = 1.0;
				PRODUCT_BUNDLE_IDENTIFIER = com.ldakhoa.Weather;
				PRODUCT_NAME = "$(TARGET_NAME)";
				SWIFT_EMIT_LOC_STRINGS = YES;
				SWIFT_VERSION = 5.0;
				TARGETED_DEVICE_FAMILY = "1,2";
			};
			name = Release;
		};
		6ACE3B9C27FB4DFE009DAAF5 /* Debug */ = {
			isa = XCBuildConfiguration;
			buildSettings = {
				ALWAYS_EMBED_SWIFT_STANDARD_LIBRARIES = YES;
				BUNDLE_LOADER = "$(TEST_HOST)";
				CODE_SIGN_STYLE = Automatic;
				CURRENT_PROJECT_VERSION = 1;
				DEVELOPMENT_TEAM = 5SB3H4Y5NS;
				GENERATE_INFOPLIST_FILE = YES;
				IPHONEOS_DEPLOYMENT_TARGET = 15.2;
				MARKETING_VERSION = 1.0;
				PRODUCT_BUNDLE_IDENTIFIER = com.ldakhoa.WeatherTests;
				PRODUCT_NAME = "$(TARGET_NAME)";
				SWIFT_EMIT_LOC_STRINGS = NO;
				SWIFT_VERSION = 5.0;
				TARGETED_DEVICE_FAMILY = "1,2";
				TEST_HOST = "$(BUILT_PRODUCTS_DIR)/Weather.app/Weather";
			};
			name = Debug;
		};
		6ACE3B9D27FB4DFE009DAAF5 /* Release */ = {
			isa = XCBuildConfiguration;
			buildSettings = {
				ALWAYS_EMBED_SWIFT_STANDARD_LIBRARIES = YES;
				BUNDLE_LOADER = "$(TEST_HOST)";
				CODE_SIGN_STYLE = Automatic;
				CURRENT_PROJECT_VERSION = 1;
				DEVELOPMENT_TEAM = 5SB3H4Y5NS;
				GENERATE_INFOPLIST_FILE = YES;
				IPHONEOS_DEPLOYMENT_TARGET = 15.2;
				MARKETING_VERSION = 1.0;
				PRODUCT_BUNDLE_IDENTIFIER = com.ldakhoa.WeatherTests;
				PRODUCT_NAME = "$(TARGET_NAME)";
				SWIFT_EMIT_LOC_STRINGS = NO;
				SWIFT_VERSION = 5.0;
				TARGETED_DEVICE_FAMILY = "1,2";
				TEST_HOST = "$(BUILT_PRODUCTS_DIR)/Weather.app/Weather";
			};
			name = Release;
		};
		6ACE3B9F27FB4DFE009DAAF5 /* Debug */ = {
			isa = XCBuildConfiguration;
			buildSettings = {
				ALWAYS_EMBED_SWIFT_STANDARD_LIBRARIES = YES;
				CODE_SIGN_STYLE = Automatic;
				CURRENT_PROJECT_VERSION = 1;
				DEVELOPMENT_TEAM = 5SB3H4Y5NS;
				GENERATE_INFOPLIST_FILE = YES;
				MARKETING_VERSION = 1.0;
				PRODUCT_BUNDLE_IDENTIFIER = com.ldakhoa.WeatherUITests;
				PRODUCT_NAME = "$(TARGET_NAME)";
				SWIFT_EMIT_LOC_STRINGS = NO;
				SWIFT_VERSION = 5.0;
				TARGETED_DEVICE_FAMILY = "1,2";
				TEST_TARGET_NAME = Weather;
			};
			name = Debug;
		};
		6ACE3BA027FB4DFE009DAAF5 /* Release */ = {
			isa = XCBuildConfiguration;
			buildSettings = {
				ALWAYS_EMBED_SWIFT_STANDARD_LIBRARIES = YES;
				CODE_SIGN_STYLE = Automatic;
				CURRENT_PROJECT_VERSION = 1;
				DEVELOPMENT_TEAM = 5SB3H4Y5NS;
				GENERATE_INFOPLIST_FILE = YES;
				MARKETING_VERSION = 1.0;
				PRODUCT_BUNDLE_IDENTIFIER = com.ldakhoa.WeatherUITests;
				PRODUCT_NAME = "$(TARGET_NAME)";
				SWIFT_EMIT_LOC_STRINGS = NO;
				SWIFT_VERSION = 5.0;
				TARGETED_DEVICE_FAMILY = "1,2";
				TEST_TARGET_NAME = Weather;
			};
			name = Release;
		};
/* End XCBuildConfiguration section */

/* Begin XCConfigurationList section */
		6ACE3B6927FB4DFC009DAAF5 /* Build configuration list for PBXProject "Weather" */ = {
			isa = XCConfigurationList;
			buildConfigurations = (
				6ACE3B9627FB4DFE009DAAF5 /* Debug */,
				6ACE3B9727FB4DFE009DAAF5 /* Release */,
			);
			defaultConfigurationIsVisible = 0;
			defaultConfigurationName = Release;
		};
		6ACE3B9827FB4DFE009DAAF5 /* Build configuration list for PBXNativeTarget "Weather" */ = {
			isa = XCConfigurationList;
			buildConfigurations = (
				6ACE3B9927FB4DFE009DAAF5 /* Debug */,
				6ACE3B9A27FB4DFE009DAAF5 /* Release */,
			);
			defaultConfigurationIsVisible = 0;
			defaultConfigurationName = Release;
		};
		6ACE3B9B27FB4DFE009DAAF5 /* Build configuration list for PBXNativeTarget "WeatherTests" */ = {
			isa = XCConfigurationList;
			buildConfigurations = (
				6ACE3B9C27FB4DFE009DAAF5 /* Debug */,
				6ACE3B9D27FB4DFE009DAAF5 /* Release */,
			);
			defaultConfigurationIsVisible = 0;
			defaultConfigurationName = Release;
		};
		6ACE3B9E27FB4DFE009DAAF5 /* Build configuration list for PBXNativeTarget "WeatherUITests" */ = {
			isa = XCConfigurationList;
			buildConfigurations = (
				6ACE3B9F27FB4DFE009DAAF5 /* Debug */,
				6ACE3BA027FB4DFE009DAAF5 /* Release */,
			);
			defaultConfigurationIsVisible = 0;
			defaultConfigurationName = Release;
		};
/* End XCConfigurationList section */
	};
	rootObject = 6ACE3B6627FB4DFC009DAAF5 /* Project object */;
}
