// !$*UTF8*$!
{
	archiveVersion = 1;
	classes = {
	};
	objectVersion = 55;
	objects = {

/* Begin PBXBuildFile section */
		6A4E96262801F50500CECF44 /* SpyWeatherListUseCase.swift in Sources */ = {isa = PBXBuildFile; fileRef = 6A4E96252801F50500CECF44 /* SpyWeatherListUseCase.swift */; };
		6A4E96282802C68800CECF44 /* Reachability.swift in Sources */ = {isa = PBXBuildFile; fileRef = 6A4E96272802C68800CECF44 /* Reachability.swift */; };
		6A4E962B28033A4300CECF44 /* WeatherListCacheTests.swift in Sources */ = {isa = PBXBuildFile; fileRef = 6A4E962A28033A4300CECF44 /* WeatherListCacheTests.swift */; };
		6A4E963028033D8A00CECF44 /* ErrorEndpoint.swift in Sources */ = {isa = PBXBuildFile; fileRef = 6A4E962F28033D8A00CECF44 /* ErrorEndpoint.swift */; };
		6A4E963228033DF200CECF44 /* NetworkRequestableTests.swift in Sources */ = {isa = PBXBuildFile; fileRef = 6A4E963128033DF200CECF44 /* NetworkRequestableTests.swift */; };
		6A4E963428034B4D00CECF44 /* WeatherListUseCaseTests.swift in Sources */ = {isa = PBXBuildFile; fileRef = 6A4E963328034B4D00CECF44 /* WeatherListUseCaseTests.swift */; };
		6AB0BA052800C726001E5B07 /* WeatherListCache.swift in Sources */ = {isa = PBXBuildFile; fileRef = 6AB0BA042800C725001E5B07 /* WeatherListCache.swift */; };
		6AB0BA0C2800CA25001E5B07 /* Forecast+Stubbed.swift in Sources */ = {isa = PBXBuildFile; fileRef = 6AB0BA0B2800CA25001E5B07 /* Forecast+Stubbed.swift */; };
		6AB0BA0F2800CA73001E5B07 /* SpyWeatherListPresentable.swift in Sources */ = {isa = PBXBuildFile; fileRef = 6AB0BA0E2800CA73001E5B07 /* SpyWeatherListPresentable.swift */; };
		6AB0BA112800CA7D001E5B07 /* SpyWeatherListViewable.swift in Sources */ = {isa = PBXBuildFile; fileRef = 6AB0BA102800CA7C001E5B07 /* SpyWeatherListViewable.swift */; };
		6AB0BA132800CA8C001E5B07 /* WeatherListBuilderTests.swift in Sources */ = {isa = PBXBuildFile; fileRef = 6AB0BA122800CA8C001E5B07 /* WeatherListBuilderTests.swift */; };
		6AB0BA152800CA9B001E5B07 /* WeatherListPresenterTests.swift in Sources */ = {isa = PBXBuildFile; fileRef = 6AB0BA142800CA9B001E5B07 /* WeatherListPresenterTests.swift */; };
		6AB0BA172800CAA4001E5B07 /* WeatherListViewControllerTests.swift in Sources */ = {isa = PBXBuildFile; fileRef = 6AB0BA162800CAA4001E5B07 /* WeatherListViewControllerTests.swift */; };
		6AB0BA192800CAB6001E5B07 /* WeatherListTableViewCellTests.swift in Sources */ = {isa = PBXBuildFile; fileRef = 6AB0BA182800CAB6001E5B07 /* WeatherListTableViewCellTests.swift */; };
		6AC289B427FC3F8300B73AB2 /* AccessibilityLabel.swift in Sources */ = {isa = PBXBuildFile; fileRef = 6AC289B327FC3F8300B73AB2 /* AccessibilityLabel.swift */; };
		6ACE3B7227FB4DFC009DAAF5 /* AppDelegate.swift in Sources */ = {isa = PBXBuildFile; fileRef = 6ACE3B7127FB4DFC009DAAF5 /* AppDelegate.swift */; };
		6ACE3B7427FB4DFC009DAAF5 /* SceneDelegate.swift in Sources */ = {isa = PBXBuildFile; fileRef = 6ACE3B7327FB4DFC009DAAF5 /* SceneDelegate.swift */; };
		6ACE3B7927FB4DFC009DAAF5 /* Main.storyboard in Resources */ = {isa = PBXBuildFile; fileRef = 6ACE3B7727FB4DFC009DAAF5 /* Main.storyboard */; };
		6ACE3B7B27FB4DFD009DAAF5 /* Assets.xcassets in Resources */ = {isa = PBXBuildFile; fileRef = 6ACE3B7A27FB4DFD009DAAF5 /* Assets.xcassets */; };
		6ACE3B7E27FB4DFD009DAAF5 /* LaunchScreen.storyboard in Resources */ = {isa = PBXBuildFile; fileRef = 6ACE3B7C27FB4DFD009DAAF5 /* LaunchScreen.storyboard */; };
		6ACE3BA727FB4F93009DAAF5 /* WeatherListBuilder.swift in Sources */ = {isa = PBXBuildFile; fileRef = 6ACE3BA627FB4F93009DAAF5 /* WeatherListBuilder.swift */; };
		6ACE3BA927FB4F9B009DAAF5 /* WeatherListPresenter.swift in Sources */ = {isa = PBXBuildFile; fileRef = 6ACE3BA827FB4F9B009DAAF5 /* WeatherListPresenter.swift */; };
		6ACE3BAB27FB4FAB009DAAF5 /* WeatherListTableViewCell.swift in Sources */ = {isa = PBXBuildFile; fileRef = 6ACE3BAA27FB4FAB009DAAF5 /* WeatherListTableViewCell.swift */; };
		6ACE3BAD27FB4FB9009DAAF5 /* WeatherListViewController.swift in Sources */ = {isa = PBXBuildFile; fileRef = 6ACE3BAC27FB4FB9009DAAF5 /* WeatherListViewController.swift */; };
		6ACE3BAF27FB6088009DAAF5 /* WeatherListUseCase.swift in Sources */ = {isa = PBXBuildFile; fileRef = 6ACE3BAE27FB6088009DAAF5 /* WeatherListUseCase.swift */; };
		6ACE3BB127FB60A4009DAAF5 /* RemoteWeatherListRepository.swift in Sources */ = {isa = PBXBuildFile; fileRef = 6ACE3BB027FB60A4009DAAF5 /* RemoteWeatherListRepository.swift */; };
		6ACE3BB627FB80FB009DAAF5 /* StatefulView.swift in Sources */ = {isa = PBXBuildFile; fileRef = 6ACE3BB527FB80FB009DAAF5 /* StatefulView.swift */; };
		6ACE3BB927FB8453009DAAF5 /* Styles.swift in Sources */ = {isa = PBXBuildFile; fileRef = 6ACE3BB827FB8453009DAAF5 /* Styles.swift */; };
		6ACE3BBC27FB8558009DAAF5 /* UIColor+String.swift in Sources */ = {isa = PBXBuildFile; fileRef = 6ACE3BBB27FB8557009DAAF5 /* UIColor+String.swift */; };
		6ACE3BBF27FB85EE009DAAF5 /* DefaultNetworkConfiguration.swift in Sources */ = {isa = PBXBuildFile; fileRef = 6ACE3BBE27FB85EE009DAAF5 /* DefaultNetworkConfiguration.swift */; };
		6ACE3BC127FB8621009DAAF5 /* NetworkRequestable.swift in Sources */ = {isa = PBXBuildFile; fileRef = 6ACE3BC027FB8621009DAAF5 /* NetworkRequestable.swift */; };
		6ACE3BC327FB8654009DAAF5 /* URLRequest+String.swift in Sources */ = {isa = PBXBuildFile; fileRef = 6ACE3BC227FB8654009DAAF5 /* URLRequest+String.swift */; };
		6ACE3BC527FB866C009DAAF5 /* APIEndpont.swift in Sources */ = {isa = PBXBuildFile; fileRef = 6ACE3BC427FB866C009DAAF5 /* APIEndpont.swift */; };
		6ACE3BC827FB87A4009DAAF5 /* WeatherEndpoint.swift in Sources */ = {isa = PBXBuildFile; fileRef = 6ACE3BC727FB87A4009DAAF5 /* WeatherEndpoint.swift */; };
		6ACE3BCA27FC0E68009DAAF5 /* DegreeUnit.swift in Sources */ = {isa = PBXBuildFile; fileRef = 6ACE3BC927FC0E68009DAAF5 /* DegreeUnit.swift */; };
		6ACE3BCC27FC1257009DAAF5 /* City.swift in Sources */ = {isa = PBXBuildFile; fileRef = 6ACE3BCB27FC1257009DAAF5 /* City.swift */; };
		6ACE3BCE27FC1293009DAAF5 /* Temperature.swift in Sources */ = {isa = PBXBuildFile; fileRef = 6ACE3BCD27FC1293009DAAF5 /* Temperature.swift */; };
		6ACE3BD027FC129B009DAAF5 /* Weather.swift in Sources */ = {isa = PBXBuildFile; fileRef = 6ACE3BCF27FC129B009DAAF5 /* Weather.swift */; };
		6ACE3BD227FC12AD009DAAF5 /* Forecast.swift in Sources */ = {isa = PBXBuildFile; fileRef = 6ACE3BD127FC12AD009DAAF5 /* Forecast.swift */; };
		6ACE3BD627FC2CA3009DAAF5 /* Double+Date.swift in Sources */ = {isa = PBXBuildFile; fileRef = 6ACE3BD527FC2CA3009DAAF5 /* Double+Date.swift */; };
		6ACE3BD827FC33EF009DAAF5 /* UserDefaultManagement.swift in Sources */ = {isa = PBXBuildFile; fileRef = 6ACE3BD727FC33EE009DAAF5 /* UserDefaultManagement.swift */; };
/* End PBXBuildFile section */

/* Begin PBXContainerItemProxy section */
		6ACE3B8527FB4DFE009DAAF5 /* PBXContainerItemProxy */ = {
			isa = PBXContainerItemProxy;
			containerPortal = 6ACE3B6627FB4DFC009DAAF5 /* Project object */;
			proxyType = 1;
			remoteGlobalIDString = 6ACE3B6D27FB4DFC009DAAF5;
			remoteInfo = Weather;
		};
/* End PBXContainerItemProxy section */

/* Begin PBXFileReference section */
		6A4E96252801F50500CECF44 /* SpyWeatherListUseCase.swift */ = {isa = PBXFileReference; lastKnownFileType = sourcecode.swift; path = SpyWeatherListUseCase.swift; sourceTree = "<group>"; };
		6A4E96272802C68800CECF44 /* Reachability.swift */ = {isa = PBXFileReference; lastKnownFileType = sourcecode.swift; path = Reachability.swift; sourceTree = "<group>"; };
		6A4E962A28033A4300CECF44 /* WeatherListCacheTests.swift */ = {isa = PBXFileReference; lastKnownFileType = sourcecode.swift; path = WeatherListCacheTests.swift; sourceTree = "<group>"; };
		6A4E962F28033D8A00CECF44 /* ErrorEndpoint.swift */ = {isa = PBXFileReference; lastKnownFileType = sourcecode.swift; path = ErrorEndpoint.swift; sourceTree = "<group>"; };
		6A4E963128033DF200CECF44 /* NetworkRequestableTests.swift */ = {isa = PBXFileReference; lastKnownFileType = sourcecode.swift; path = NetworkRequestableTests.swift; sourceTree = "<group>"; };
		6A4E963328034B4D00CECF44 /* WeatherListUseCaseTests.swift */ = {isa = PBXFileReference; lastKnownFileType = sourcecode.swift; path = WeatherListUseCaseTests.swift; sourceTree = "<group>"; };
		6AB0BA042800C725001E5B07 /* WeatherListCache.swift */ = {isa = PBXFileReference; lastKnownFileType = sourcecode.swift; name = WeatherListCache.swift; path = Scenes/WeatherListCache.swift; sourceTree = "<group>"; };
		6AB0BA0B2800CA25001E5B07 /* Forecast+Stubbed.swift */ = {isa = PBXFileReference; lastKnownFileType = sourcecode.swift; path = "Forecast+Stubbed.swift"; sourceTree = "<group>"; };
		6AB0BA0E2800CA73001E5B07 /* SpyWeatherListPresentable.swift */ = {isa = PBXFileReference; lastKnownFileType = sourcecode.swift; path = SpyWeatherListPresentable.swift; sourceTree = "<group>"; };
		6AB0BA102800CA7C001E5B07 /* SpyWeatherListViewable.swift */ = {isa = PBXFileReference; lastKnownFileType = sourcecode.swift; path = SpyWeatherListViewable.swift; sourceTree = "<group>"; };
		6AB0BA122800CA8C001E5B07 /* WeatherListBuilderTests.swift */ = {isa = PBXFileReference; lastKnownFileType = sourcecode.swift; path = WeatherListBuilderTests.swift; sourceTree = "<group>"; };
		6AB0BA142800CA9B001E5B07 /* WeatherListPresenterTests.swift */ = {isa = PBXFileReference; lastKnownFileType = sourcecode.swift; path = WeatherListPresenterTests.swift; sourceTree = "<group>"; };
		6AB0BA162800CAA4001E5B07 /* WeatherListViewControllerTests.swift */ = {isa = PBXFileReference; lastKnownFileType = sourcecode.swift; path = WeatherListViewControllerTests.swift; sourceTree = "<group>"; };
		6AB0BA182800CAB6001E5B07 /* WeatherListTableViewCellTests.swift */ = {isa = PBXFileReference; lastKnownFileType = sourcecode.swift; path = WeatherListTableViewCellTests.swift; sourceTree = "<group>"; };
		6AC289B327FC3F8300B73AB2 /* AccessibilityLabel.swift */ = {isa = PBXFileReference; lastKnownFileType = sourcecode.swift; path = AccessibilityLabel.swift; sourceTree = "<group>"; };
		6ACE3B6E27FB4DFC009DAAF5 /* Weather.app */ = {isa = PBXFileReference; explicitFileType = wrapper.application; includeInIndex = 0; path = Weather.app; sourceTree = BUILT_PRODUCTS_DIR; };
		6ACE3B7127FB4DFC009DAAF5 /* AppDelegate.swift */ = {isa = PBXFileReference; lastKnownFileType = sourcecode.swift; path = AppDelegate.swift; sourceTree = "<group>"; };
		6ACE3B7327FB4DFC009DAAF5 /* SceneDelegate.swift */ = {isa = PBXFileReference; lastKnownFileType = sourcecode.swift; path = SceneDelegate.swift; sourceTree = "<group>"; };
		6ACE3B7827FB4DFC009DAAF5 /* Base */ = {isa = PBXFileReference; lastKnownFileType = file.storyboard; name = Base; path = Base.lproj/Main.storyboard; sourceTree = "<group>"; };
		6ACE3B7A27FB4DFD009DAAF5 /* Assets.xcassets */ = {isa = PBXFileReference; lastKnownFileType = folder.assetcatalog; path = Assets.xcassets; sourceTree = "<group>"; };
		6ACE3B7D27FB4DFD009DAAF5 /* Base */ = {isa = PBXFileReference; lastKnownFileType = file.storyboard; name = Base; path = Base.lproj/LaunchScreen.storyboard; sourceTree = "<group>"; };
		6ACE3B7F27FB4DFD009DAAF5 /* Info.plist */ = {isa = PBXFileReference; lastKnownFileType = text.plist.xml; path = Info.plist; sourceTree = "<group>"; };
		6ACE3B8427FB4DFE009DAAF5 /* WeatherTests.xctest */ = {isa = PBXFileReference; explicitFileType = wrapper.cfbundle; includeInIndex = 0; path = WeatherTests.xctest; sourceTree = BUILT_PRODUCTS_DIR; };
		6ACE3BA627FB4F93009DAAF5 /* WeatherListBuilder.swift */ = {isa = PBXFileReference; lastKnownFileType = sourcecode.swift; path = WeatherListBuilder.swift; sourceTree = "<group>"; };
		6ACE3BA827FB4F9B009DAAF5 /* WeatherListPresenter.swift */ = {isa = PBXFileReference; lastKnownFileType = sourcecode.swift; path = WeatherListPresenter.swift; sourceTree = "<group>"; };
		6ACE3BAA27FB4FAB009DAAF5 /* WeatherListTableViewCell.swift */ = {isa = PBXFileReference; lastKnownFileType = sourcecode.swift; path = WeatherListTableViewCell.swift; sourceTree = "<group>"; };
		6ACE3BAC27FB4FB9009DAAF5 /* WeatherListViewController.swift */ = {isa = PBXFileReference; lastKnownFileType = sourcecode.swift; path = WeatherListViewController.swift; sourceTree = "<group>"; };
		6ACE3BAE27FB6088009DAAF5 /* WeatherListUseCase.swift */ = {isa = PBXFileReference; lastKnownFileType = sourcecode.swift; path = WeatherListUseCase.swift; sourceTree = "<group>"; };
		6ACE3BB027FB60A4009DAAF5 /* RemoteWeatherListRepository.swift */ = {isa = PBXFileReference; lastKnownFileType = sourcecode.swift; path = RemoteWeatherListRepository.swift; sourceTree = "<group>"; };
		6ACE3BB527FB80FB009DAAF5 /* StatefulView.swift */ = {isa = PBXFileReference; lastKnownFileType = sourcecode.swift; path = StatefulView.swift; sourceTree = "<group>"; };
		6ACE3BB827FB8453009DAAF5 /* Styles.swift */ = {isa = PBXFileReference; lastKnownFileType = sourcecode.swift; path = Styles.swift; sourceTree = "<group>"; };
		6ACE3BBB27FB8557009DAAF5 /* UIColor+String.swift */ = {isa = PBXFileReference; lastKnownFileType = sourcecode.swift; path = "UIColor+String.swift"; sourceTree = "<group>"; };
		6ACE3BBE27FB85EE009DAAF5 /* DefaultNetworkConfiguration.swift */ = {isa = PBXFileReference; lastKnownFileType = sourcecode.swift; path = DefaultNetworkConfiguration.swift; sourceTree = "<group>"; };
		6ACE3BC027FB8621009DAAF5 /* NetworkRequestable.swift */ = {isa = PBXFileReference; lastKnownFileType = sourcecode.swift; path = NetworkRequestable.swift; sourceTree = "<group>"; };
		6ACE3BC227FB8654009DAAF5 /* URLRequest+String.swift */ = {isa = PBXFileReference; lastKnownFileType = sourcecode.swift; path = "URLRequest+String.swift"; sourceTree = "<group>"; };
		6ACE3BC427FB866C009DAAF5 /* APIEndpont.swift */ = {isa = PBXFileReference; lastKnownFileType = sourcecode.swift; path = APIEndpont.swift; sourceTree = "<group>"; };
		6ACE3BC727FB87A4009DAAF5 /* WeatherEndpoint.swift */ = {isa = PBXFileReference; lastKnownFileType = sourcecode.swift; path = WeatherEndpoint.swift; sourceTree = "<group>"; };
		6ACE3BC927FC0E68009DAAF5 /* DegreeUnit.swift */ = {isa = PBXFileReference; lastKnownFileType = sourcecode.swift; path = DegreeUnit.swift; sourceTree = "<group>"; };
		6ACE3BCB27FC1257009DAAF5 /* City.swift */ = {isa = PBXFileReference; lastKnownFileType = sourcecode.swift; path = City.swift; sourceTree = "<group>"; };
		6ACE3BCD27FC1293009DAAF5 /* Temperature.swift */ = {isa = PBXFileReference; lastKnownFileType = sourcecode.swift; path = Temperature.swift; sourceTree = "<group>"; };
		6ACE3BCF27FC129B009DAAF5 /* Weather.swift */ = {isa = PBXFileReference; lastKnownFileType = sourcecode.swift; path = Weather.swift; sourceTree = "<group>"; };
		6ACE3BD127FC12AD009DAAF5 /* Forecast.swift */ = {isa = PBXFileReference; lastKnownFileType = sourcecode.swift; path = Forecast.swift; sourceTree = "<group>"; };
		6ACE3BD527FC2CA3009DAAF5 /* Double+Date.swift */ = {isa = PBXFileReference; lastKnownFileType = sourcecode.swift; path = "Double+Date.swift"; sourceTree = "<group>"; };
		6ACE3BD727FC33EE009DAAF5 /* UserDefaultManagement.swift */ = {isa = PBXFileReference; lastKnownFileType = sourcecode.swift; path = UserDefaultManagement.swift; sourceTree = "<group>"; };
/* End PBXFileReference section */

/* Begin PBXFrameworksBuildPhase section */
		6ACE3B6B27FB4DFC009DAAF5 /* Frameworks */ = {
			isa = PBXFrameworksBuildPhase;
			buildActionMask = 2147483647;
			files = (
			);
			runOnlyForDeploymentPostprocessing = 0;
		};
		6ACE3B8127FB4DFE009DAAF5 /* Frameworks */ = {
			isa = PBXFrameworksBuildPhase;
			buildActionMask = 2147483647;
			files = (
			);
			runOnlyForDeploymentPostprocessing = 0;
		};
/* End PBXFrameworksBuildPhase section */

/* Begin PBXGroup section */
		6A4E962928033A3A00CECF44 /* Caching */ = {
			isa = PBXGroup;
			children = (
				6A4E962A28033A4300CECF44 /* WeatherListCacheTests.swift */,
			);
			path = Caching;
			sourceTree = "<group>";
		};
		6A4E962C28033D7000CECF44 /* Networking */ = {
			isa = PBXGroup;
			children = (
				6A4E962F28033D8A00CECF44 /* ErrorEndpoint.swift */,
				6A4E963128033DF200CECF44 /* NetworkRequestableTests.swift */,
			);
			name = Networking;
			sourceTree = "<group>";
		};
		6A93DFED28035DCA008DEEE7 /* UseCases */ = {
			isa = PBXGroup;
			children = (
				6ACE3BB227FB60AA009DAAF5 /* WeatherList */,
				6A93DFF028035DF0008DEEE7 /* Models */,
			);
			path = UseCases;
			sourceTree = "<group>";
		};
		6A93DFF028035DF0008DEEE7 /* Models */ = {
			isa = PBXGroup;
			children = (
				6ACE3BC927FC0E68009DAAF5 /* DegreeUnit.swift */,
				6ACE3BCB27FC1257009DAAF5 /* City.swift */,
				6ACE3BCD27FC1293009DAAF5 /* Temperature.swift */,
				6ACE3BCF27FC129B009DAAF5 /* Weather.swift */,
				6ACE3BD127FC12AD009DAAF5 /* Forecast.swift */,
			);
			path = Models;
			sourceTree = "<group>";
		};
		6A93DFF228035E24008DEEE7 /* Endpoints */ = {
			isa = PBXGroup;
			children = (
				6ACE3BC727FB87A4009DAAF5 /* WeatherEndpoint.swift */,
			);
			path = Endpoints;
			sourceTree = "<group>";
		};
		6A93DFF328035E36008DEEE7 /* App */ = {
			isa = PBXGroup;
			children = (
				6ACE3B7127FB4DFC009DAAF5 /* AppDelegate.swift */,
				6ACE3B7327FB4DFC009DAAF5 /* SceneDelegate.swift */,
			);
			path = App;
			sourceTree = "<group>";
		};
		6A93DFF428035E4B008DEEE7 /* Caching */ = {
			isa = PBXGroup;
			children = (
			);
			path = Caching;
			sourceTree = "<group>";
		};
		6A93DFF528035E58008DEEE7 /* Views */ = {
			isa = PBXGroup;
			children = (
				6ACE3BB527FB80FB009DAAF5 /* StatefulView.swift */,
				6ACE3BB827FB8453009DAAF5 /* Styles.swift */,
				6AC289B327FC3F8300B73AB2 /* AccessibilityLabel.swift */,
			);
			path = Views;
			sourceTree = "<group>";
		};
		6A93DFF628035E60008DEEE7 /* Utils */ = {
			isa = PBXGroup;
			children = (
				6ACE3BD727FC33EE009DAAF5 /* UserDefaultManagement.swift */,
				6ACE3BBB27FB8557009DAAF5 /* UIColor+String.swift */,
				6ACE3BD527FC2CA3009DAAF5 /* Double+Date.swift */,
			);
			path = Utils;
			sourceTree = "<group>";
		};
		6AB0BA062800C9DD001E5B07 /* Caching */ = {
			isa = PBXGroup;
			children = (
				6AB0BA042800C725001E5B07 /* WeatherListCache.swift */,
			);
			name = Caching;
			sourceTree = "<group>";
		};
		6AB0BA072800C9FE001E5B07 /* UseCases */ = {
			isa = PBXGroup;
			children = (
				6A4E963328034B4D00CECF44 /* WeatherListUseCaseTests.swift */,
			);
			name = UseCases;
			sourceTree = "<group>";
		};
		6AB0BA082800CA04001E5B07 /* Scenes */ = {
			isa = PBXGroup;
			children = (
				6AB0BA092800CA0B001E5B07 /* WeatherList */,
			);
			path = Scenes;
			sourceTree = "<group>";
		};
		6AB0BA092800CA0B001E5B07 /* WeatherList */ = {
			isa = PBXGroup;
			children = (
				6AB0BA0D2800CA65001E5B07 /* TestDoubles */,
				6AB0BA122800CA8C001E5B07 /* WeatherListBuilderTests.swift */,
				6AB0BA142800CA9B001E5B07 /* WeatherListPresenterTests.swift */,
				6AB0BA162800CAA4001E5B07 /* WeatherListViewControllerTests.swift */,
				6AB0BA182800CAB6001E5B07 /* WeatherListTableViewCellTests.swift */,
			);
			name = WeatherList;
			sourceTree = "<group>";
		};
		6AB0BA0A2800CA16001E5B07 /* Helpers */ = {
			isa = PBXGroup;
			children = (
				6AB0BA0B2800CA25001E5B07 /* Forecast+Stubbed.swift */,
			);
			name = Helpers;
			sourceTree = "<group>";
		};
		6AB0BA0D2800CA65001E5B07 /* TestDoubles */ = {
			isa = PBXGroup;
			children = (
				6AB0BA0E2800CA73001E5B07 /* SpyWeatherListPresentable.swift */,
				6A4E96252801F50500CECF44 /* SpyWeatherListUseCase.swift */,
				6AB0BA102800CA7C001E5B07 /* SpyWeatherListViewable.swift */,
			);
			path = TestDoubles;
			sourceTree = "<group>";
		};
		6ACE3B6527FB4DFC009DAAF5 = {
			isa = PBXGroup;
			children = (
				6ACE3B7027FB4DFC009DAAF5 /* Weather */,
				6ACE3B8727FB4DFE009DAAF5 /* WeatherTests */,
				6ACE3B6F27FB4DFC009DAAF5 /* Products */,
			);
			sourceTree = "<group>";
		};
		6ACE3B6F27FB4DFC009DAAF5 /* Products */ = {
			isa = PBXGroup;
			children = (
				6ACE3B6E27FB4DFC009DAAF5 /* Weather.app */,
				6ACE3B8427FB4DFE009DAAF5 /* WeatherTests.xctest */,
			);
			name = Products;
			sourceTree = "<group>";
		};
		6ACE3B7027FB4DFC009DAAF5 /* Weather */ = {
			isa = PBXGroup;
			children = (
				6A93DFF328035E36008DEEE7 /* App */,
				6A93DFF428035E4B008DEEE7 /* Caching */,
				6AB0BA062800C9DD001E5B07 /* Caching */,
				6ACE3BB427FB7498009DAAF5 /* Networking */,
				6ACE3BA427FB4E8C009DAAF5 /* Resources */,
				6ACE3BA227FB4E80009DAAF5 /* Scenes */,
				6A93DFED28035DCA008DEEE7 /* UseCases */,
				6A93DFF628035E60008DEEE7 /* Utils */,
				6A93DFF528035E58008DEEE7 /* Views */,
			);
			path = Weather;
			sourceTree = "<group>";
		};
		6ACE3B8727FB4DFE009DAAF5 /* WeatherTests */ = {
			isa = PBXGroup;
			children = (
				6A4E962C28033D7000CECF44 /* Networking */,
				6A4E962928033A3A00CECF44 /* Caching */,
				6AB0BA0A2800CA16001E5B07 /* Helpers */,
				6AB0BA082800CA04001E5B07 /* Scenes */,
				6AB0BA072800C9FE001E5B07 /* UseCases */,
			);
			path = WeatherTests;
			sourceTree = "<group>";
		};
		6ACE3BA227FB4E80009DAAF5 /* Scenes */ = {
			isa = PBXGroup;
			children = (
				6ACE3BA527FB4F87009DAAF5 /* WeatherList */,
			);
			path = Scenes;
			sourceTree = "<group>";
		};
		6ACE3BA427FB4E8C009DAAF5 /* Resources */ = {
			isa = PBXGroup;
			children = (
				6ACE3B7727FB4DFC009DAAF5 /* Main.storyboard */,
				6ACE3B7A27FB4DFD009DAAF5 /* Assets.xcassets */,
				6ACE3B7C27FB4DFD009DAAF5 /* LaunchScreen.storyboard */,
				6ACE3B7F27FB4DFD009DAAF5 /* Info.plist */,
			);
			path = Resources;
			sourceTree = "<group>";
		};
		6ACE3BA527FB4F87009DAAF5 /* WeatherList */ = {
			isa = PBXGroup;
			children = (
				6ACE3BA627FB4F93009DAAF5 /* WeatherListBuilder.swift */,
				6ACE3BA827FB4F9B009DAAF5 /* WeatherListPresenter.swift */,
				6ACE3BAC27FB4FB9009DAAF5 /* WeatherListViewController.swift */,
				6ACE3BAA27FB4FAB009DAAF5 /* WeatherListTableViewCell.swift */,
			);
			name = WeatherList;
			sourceTree = "<group>";
		};
		6ACE3BB227FB60AA009DAAF5 /* WeatherList */ = {
			isa = PBXGroup;
			children = (
				6ACE3BAE27FB6088009DAAF5 /* WeatherListUseCase.swift */,
				6ACE3BB027FB60A4009DAAF5 /* RemoteWeatherListRepository.swift */,
			);
			path = WeatherList;
			sourceTree = "<group>";
		};
		6ACE3BB427FB7498009DAAF5 /* Networking */ = {
			isa = PBXGroup;
			children = (
				6A93DFF228035E24008DEEE7 /* Endpoints */,
				6ACE3BBD27FB85D7009DAAF5 /* BaseNetworking */,
			);
			path = Networking;
			sourceTree = "<group>";
		};
		6ACE3BBD27FB85D7009DAAF5 /* BaseNetworking */ = {
			isa = PBXGroup;
			children = (
				6A4E96272802C68800CECF44 /* Reachability.swift */,
				6ACE3BBE27FB85EE009DAAF5 /* DefaultNetworkConfiguration.swift */,
				6ACE3BC027FB8621009DAAF5 /* NetworkRequestable.swift */,
				6ACE3BC427FB866C009DAAF5 /* APIEndpont.swift */,
				6ACE3BC227FB8654009DAAF5 /* URLRequest+String.swift */,
			);
			path = BaseNetworking;
			sourceTree = "<group>";
		};
/* End PBXGroup section */

/* Begin PBXNativeTarget section */
		6ACE3B6D27FB4DFC009DAAF5 /* Weather */ = {
			isa = PBXNativeTarget;
			buildConfigurationList = 6ACE3B9827FB4DFE009DAAF5 /* Build configuration list for PBXNativeTarget "Weather" */;
			buildPhases = (
				6ACE3B6A27FB4DFC009DAAF5 /* Sources */,
				6ACE3B6B27FB4DFC009DAAF5 /* Frameworks */,
				6ACE3B6C27FB4DFC009DAAF5 /* Resources */,
			);
			buildRules = (
			);
			dependencies = (
			);
			name = Weather;
			productName = Weather;
			productReference = 6ACE3B6E27FB4DFC009DAAF5 /* Weather.app */;
			productType = "com.apple.product-type.application";
		};
		6ACE3B8327FB4DFE009DAAF5 /* WeatherTests */ = {
			isa = PBXNativeTarget;
			buildConfigurationList = 6ACE3B9B27FB4DFE009DAAF5 /* Build configuration list for PBXNativeTarget "WeatherTests" */;
			buildPhases = (
				6ACE3B8027FB4DFE009DAAF5 /* Sources */,
				6ACE3B8127FB4DFE009DAAF5 /* Frameworks */,
				6ACE3B8227FB4DFE009DAAF5 /* Resources */,
			);
			buildRules = (
			);
			dependencies = (
				6ACE3B8627FB4DFE009DAAF5 /* PBXTargetDependency */,
			);
			name = WeatherTests;
			productName = WeatherTests;
			productReference = 6ACE3B8427FB4DFE009DAAF5 /* WeatherTests.xctest */;
			productType = "com.apple.product-type.bundle.unit-test";
		};
/* End PBXNativeTarget section */

/* Begin PBXProject section */
		6ACE3B6627FB4DFC009DAAF5 /* Project object */ = {
			isa = PBXProject;
			attributes = {
				BuildIndependentTargetsInParallel = 1;
				LastSwiftUpdateCheck = 1320;
				LastUpgradeCheck = 1320;
				TargetAttributes = {
					6ACE3B6D27FB4DFC009DAAF5 = {
						CreatedOnToolsVersion = 13.2.1;
					};
					6ACE3B8327FB4DFE009DAAF5 = {
						CreatedOnToolsVersion = 13.2.1;
						TestTargetID = 6ACE3B6D27FB4DFC009DAAF5;
					};
				};
			};
			buildConfigurationList = 6ACE3B6927FB4DFC009DAAF5 /* Build configuration list for PBXProject "Weather" */;
			compatibilityVersion = "Xcode 13.0";
			developmentRegion = en;
			hasScannedForEncodings = 0;
			knownRegions = (
				en,
				Base,
			);
			mainGroup = 6ACE3B6527FB4DFC009DAAF5;
			productRefGroup = 6ACE3B6F27FB4DFC009DAAF5 /* Products */;
			projectDirPath = "";
			projectRoot = "";
			targets = (
				6ACE3B6D27FB4DFC009DAAF5 /* Weather */,
				6ACE3B8327FB4DFE009DAAF5 /* WeatherTests */,
			);
		};
/* End PBXProject section */

/* Begin PBXResourcesBuildPhase section */
		6ACE3B6C27FB4DFC009DAAF5 /* Resources */ = {
			isa = PBXResourcesBuildPhase;
			buildActionMask = 2147483647;
			files = (
				6ACE3B7E27FB4DFD009DAAF5 /* LaunchScreen.storyboard in Resources */,
				6ACE3B7B27FB4DFD009DAAF5 /* Assets.xcassets in Resources */,
				6ACE3B7927FB4DFC009DAAF5 /* Main.storyboard in Resources */,
			);
			runOnlyForDeploymentPostprocessing = 0;
		};
		6ACE3B8227FB4DFE009DAAF5 /* Resources */ = {
			isa = PBXResourcesBuildPhase;
			buildActionMask = 2147483647;
			files = (
			);
			runOnlyForDeploymentPostprocessing = 0;
		};
/* End PBXResourcesBuildPhase section */

/* Begin PBXSourcesBuildPhase section */
		6ACE3B6A27FB4DFC009DAAF5 /* Sources */ = {
			isa = PBXSourcesBuildPhase;
			buildActionMask = 2147483647;
			files = (
				6ACE3BC527FB866C009DAAF5 /* APIEndpont.swift in Sources */,
				6ACE3BCA27FC0E68009DAAF5 /* DegreeUnit.swift in Sources */,
				6ACE3BCC27FC1257009DAAF5 /* City.swift in Sources */,
				6ACE3BC827FB87A4009DAAF5 /* WeatherEndpoint.swift in Sources */,
				6ACE3BD027FC129B009DAAF5 /* Weather.swift in Sources */,
				6ACE3BAD27FB4FB9009DAAF5 /* WeatherListViewController.swift in Sources */,
				6ACE3BB927FB8453009DAAF5 /* Styles.swift in Sources */,
				6ACE3BB627FB80FB009DAAF5 /* StatefulView.swift in Sources */,
				6ACE3B7227FB4DFC009DAAF5 /* AppDelegate.swift in Sources */,
				6ACE3BAB27FB4FAB009DAAF5 /* WeatherListTableViewCell.swift in Sources */,
				6ACE3BA927FB4F9B009DAAF5 /* WeatherListPresenter.swift in Sources */,
				6AC289B427FC3F8300B73AB2 /* AccessibilityLabel.swift in Sources */,
				6A4E96282802C68800CECF44 /* Reachability.swift in Sources */,
				6ACE3BD627FC2CA3009DAAF5 /* Double+Date.swift in Sources */,
				6ACE3BB127FB60A4009DAAF5 /* RemoteWeatherListRepository.swift in Sources */,
				6ACE3BAF27FB6088009DAAF5 /* WeatherListUseCase.swift in Sources */,
				6ACE3BC327FB8654009DAAF5 /* URLRequest+String.swift in Sources */,
				6ACE3BC127FB8621009DAAF5 /* NetworkRequestable.swift in Sources */,
				6AB0BA052800C726001E5B07 /* WeatherListCache.swift in Sources */,
				6ACE3BBC27FB8558009DAAF5 /* UIColor+String.swift in Sources */,
				6ACE3BD227FC12AD009DAAF5 /* Forecast.swift in Sources */,
				6ACE3BCE27FC1293009DAAF5 /* Temperature.swift in Sources */,
				6ACE3BBF27FB85EE009DAAF5 /* DefaultNetworkConfiguration.swift in Sources */,
				6ACE3BA727FB4F93009DAAF5 /* WeatherListBuilder.swift in Sources */,
				6ACE3BD827FC33EF009DAAF5 /* UserDefaultManagement.swift in Sources */,
				6ACE3B7427FB4DFC009DAAF5 /* SceneDelegate.swift in Sources */,
			);
			runOnlyForDeploymentPostprocessing = 0;
		};
		6ACE3B8027FB4DFE009DAAF5 /* Sources */ = {
			isa = PBXSourcesBuildPhase;
			buildActionMask = 2147483647;
			files = (
				6AB0BA192800CAB6001E5B07 /* WeatherListTableViewCellTests.swift in Sources */,
				6A4E963028033D8A00CECF44 /* ErrorEndpoint.swift in Sources */,
				6AB0BA0F2800CA73001E5B07 /* SpyWeatherListPresentable.swift in Sources */,
				6AB0BA152800CA9B001E5B07 /* WeatherListPresenterTests.swift in Sources */,
				6AB0BA0C2800CA25001E5B07 /* Forecast+Stubbed.swift in Sources */,
				6A4E963228033DF200CECF44 /* NetworkRequestableTests.swift in Sources */,
				6A4E962B28033A4300CECF44 /* WeatherListCacheTests.swift in Sources */,
				6AB0BA112800CA7D001E5B07 /* SpyWeatherListViewable.swift in Sources */,
				6A4E963428034B4D00CECF44 /* WeatherListUseCaseTests.swift in Sources */,
				6A4E96262801F50500CECF44 /* SpyWeatherListUseCase.swift in Sources */,
				6AB0BA132800CA8C001E5B07 /* WeatherListBuilderTests.swift in Sources */,
				6AB0BA172800CAA4001E5B07 /* WeatherListViewControllerTests.swift in Sources */,
			);
			runOnlyForDeploymentPostprocessing = 0;
		};
/* End PBXSourcesBuildPhase section */

/* Begin PBXTargetDependency section */
		6ACE3B8627FB4DFE009DAAF5 /* PBXTargetDependency */ = {
			isa = PBXTargetDependency;
			target = 6ACE3B6D27FB4DFC009DAAF5 /* Weather */;
			targetProxy = 6ACE3B8527FB4DFE009DAAF5 /* PBXContainerItemProxy */;
		};
/* End PBXTargetDependency section */

/* Begin PBXVariantGroup section */
		6ACE3B7727FB4DFC009DAAF5 /* Main.storyboard */ = {
			isa = PBXVariantGroup;
			children = (
				6ACE3B7827FB4DFC009DAAF5 /* Base */,
			);
			name = Main.storyboard;
			sourceTree = "<group>";
		};
		6ACE3B7C27FB4DFD009DAAF5 /* LaunchScreen.storyboard */ = {
			isa = PBXVariantGroup;
			children = (
				6ACE3B7D27FB4DFD009DAAF5 /* Base */,
			);
			name = LaunchScreen.storyboard;
			sourceTree = "<group>";
		};
/* End PBXVariantGroup section */

/* Begin XCBuildConfiguration section */
		6ACE3B9627FB4DFE009DAAF5 /* Debug */ = {
			isa = XCBuildConfiguration;
			buildSettings = {
				ALWAYS_SEARCH_USER_PATHS = NO;
				CLANG_ANALYZER_NONNULL = YES;
				CLANG_ANALYZER_NUMBER_OBJECT_CONVERSION = YES_AGGRESSIVE;
				CLANG_CXX_LANGUAGE_STANDARD = "gnu++17";
				CLANG_CXX_LIBRARY = "libc++";
				CLANG_ENABLE_MODULES = YES;
				CLANG_ENABLE_OBJC_ARC = YES;
				CLANG_ENABLE_OBJC_WEAK = YES;
				CLANG_WARN_BLOCK_CAPTURE_AUTORELEASING = YES;
				CLANG_WARN_BOOL_CONVERSION = YES;
				CLANG_WARN_COMMA = YES;
				CLANG_WARN_CONSTANT_CONVERSION = YES;
				CLANG_WARN_DEPRECATED_OBJC_IMPLEMENTATIONS = YES;
				CLANG_WARN_DIRECT_OBJC_ISA_USAGE = YES_ERROR;
				CLANG_WARN_DOCUMENTATION_COMMENTS = YES;
				CLANG_WARN_EMPTY_BODY = YES;
				CLANG_WARN_ENUM_CONVERSION = YES;
				CLANG_WARN_INFINITE_RECURSION = YES;
				CLANG_WARN_INT_CONVERSION = YES;
				CLANG_WARN_NON_LITERAL_NULL_CONVERSION = YES;
				CLANG_WARN_OBJC_IMPLICIT_RETAIN_SELF = YES;
				CLANG_WARN_OBJC_LITERAL_CONVERSION = YES;
				CLANG_WARN_OBJC_ROOT_CLASS = YES_ERROR;
				CLANG_WARN_QUOTED_INCLUDE_IN_FRAMEWORK_HEADER = YES;
				CLANG_WARN_RANGE_LOOP_ANALYSIS = YES;
				CLANG_WARN_STRICT_PROTOTYPES = YES;
				CLANG_WARN_SUSPICIOUS_MOVE = YES;
				CLANG_WARN_UNGUARDED_AVAILABILITY = YES_AGGRESSIVE;
				CLANG_WARN_UNREACHABLE_CODE = YES;
				CLANG_WARN__DUPLICATE_METHOD_MATCH = YES;
				COPY_PHASE_STRIP = NO;
				DEBUG_INFORMATION_FORMAT = dwarf;
				ENABLE_STRICT_OBJC_MSGSEND = YES;
				ENABLE_TESTABILITY = YES;
				GCC_C_LANGUAGE_STANDARD = gnu11;
				GCC_DYNAMIC_NO_PIC = NO;
				GCC_NO_COMMON_BLOCKS = YES;
				GCC_OPTIMIZATION_LEVEL = 0;
				GCC_PREPROCESSOR_DEFINITIONS = (
					"DEBUG=1",
					"$(inherited)",
				);
				GCC_WARN_64_TO_32_BIT_CONVERSION = YES;
				GCC_WARN_ABOUT_RETURN_TYPE = YES_ERROR;
				GCC_WARN_UNDECLARED_SELECTOR = YES;
				GCC_WARN_UNINITIALIZED_AUTOS = YES_AGGRESSIVE;
				GCC_WARN_UNUSED_FUNCTION = YES;
				GCC_WARN_UNUSED_VARIABLE = YES;
				IPHONEOS_DEPLOYMENT_TARGET = 15.2;
				MTL_ENABLE_DEBUG_INFO = INCLUDE_SOURCE;
				MTL_FAST_MATH = YES;
				ONLY_ACTIVE_ARCH = YES;
				SDKROOT = iphoneos;
				SWIFT_ACTIVE_COMPILATION_CONDITIONS = DEBUG;
				SWIFT_OPTIMIZATION_LEVEL = "-Onone";
			};
			name = Debug;
		};
		6ACE3B9727FB4DFE009DAAF5 /* Release */ = {
			isa = XCBuildConfiguration;
			buildSettings = {
				ALWAYS_SEARCH_USER_PATHS = NO;
				CLANG_ANALYZER_NONNULL = YES;
				CLANG_ANALYZER_NUMBER_OBJECT_CONVERSION = YES_AGGRESSIVE;
				CLANG_CXX_LANGUAGE_STANDARD = "gnu++17";
				CLANG_CXX_LIBRARY = "libc++";
				CLANG_ENABLE_MODULES = YES;
				CLANG_ENABLE_OBJC_ARC = YES;
				CLANG_ENABLE_OBJC_WEAK = YES;
				CLANG_WARN_BLOCK_CAPTURE_AUTORELEASING = YES;
				CLANG_WARN_BOOL_CONVERSION = YES;
				CLANG_WARN_COMMA = YES;
				CLANG_WARN_CONSTANT_CONVERSION = YES;
				CLANG_WARN_DEPRECATED_OBJC_IMPLEMENTATIONS = YES;
				CLANG_WARN_DIRECT_OBJC_ISA_USAGE = YES_ERROR;
				CLANG_WARN_DOCUMENTATION_COMMENTS = YES;
				CLANG_WARN_EMPTY_BODY = YES;
				CLANG_WARN_ENUM_CONVERSION = YES;
				CLANG_WARN_INFINITE_RECURSION = YES;
				CLANG_WARN_INT_CONVERSION = YES;
				CLANG_WARN_NON_LITERAL_NULL_CONVERSION = YES;
				CLANG_WARN_OBJC_IMPLICIT_RETAIN_SELF = YES;
				CLANG_WARN_OBJC_LITERAL_CONVERSION = YES;
				CLANG_WARN_OBJC_ROOT_CLASS = YES_ERROR;
				CLANG_WARN_QUOTED_INCLUDE_IN_FRAMEWORK_HEADER = YES;
				CLANG_WARN_RANGE_LOOP_ANALYSIS = YES;
				CLANG_WARN_STRICT_PROTOTYPES = YES;
				CLANG_WARN_SUSPICIOUS_MOVE = YES;
				CLANG_WARN_UNGUARDED_AVAILABILITY = YES_AGGRESSIVE;
				CLANG_WARN_UNREACHABLE_CODE = YES;
				CLANG_WARN__DUPLICATE_METHOD_MATCH = YES;
				COPY_PHASE_STRIP = NO;
				DEBUG_INFORMATION_FORMAT = "dwarf-with-dsym";
				ENABLE_NS_ASSERTIONS = NO;
				ENABLE_STRICT_OBJC_MSGSEND = YES;
				GCC_C_LANGUAGE_STANDARD = gnu11;
				GCC_NO_COMMON_BLOCKS = YES;
				GCC_WARN_64_TO_32_BIT_CONVERSION = YES;
				GCC_WARN_ABOUT_RETURN_TYPE = YES_ERROR;
				GCC_WARN_UNDECLARED_SELECTOR = YES;
				GCC_WARN_UNINITIALIZED_AUTOS = YES_AGGRESSIVE;
				GCC_WARN_UNUSED_FUNCTION = YES;
				GCC_WARN_UNUSED_VARIABLE = YES;
				IPHONEOS_DEPLOYMENT_TARGET = 15.2;
				MTL_ENABLE_DEBUG_INFO = NO;
				MTL_FAST_MATH = YES;
				SDKROOT = iphoneos;
				SWIFT_COMPILATION_MODE = wholemodule;
				SWIFT_OPTIMIZATION_LEVEL = "-O";
				VALIDATE_PRODUCT = YES;
			};
			name = Release;
		};
		6ACE3B9927FB4DFE009DAAF5 /* Debug */ = {
			isa = XCBuildConfiguration;
			buildSettings = {
				ASSETCATALOG_COMPILER_APPICON_NAME = AppIcon;
				ASSETCATALOG_COMPILER_GLOBAL_ACCENT_COLOR_NAME = AccentColor;
				CODE_SIGN_STYLE = Automatic;
				CURRENT_PROJECT_VERSION = 1;
				DEVELOPMENT_TEAM = 5SB3H4Y5NS;
				GENERATE_INFOPLIST_FILE = YES;
				INFOPLIST_FILE = Weather/Resources/Info.plist;
				INFOPLIST_KEY_UIApplicationSupportsIndirectInputEvents = YES;
				INFOPLIST_KEY_UILaunchStoryboardName = LaunchScreen;
				INFOPLIST_KEY_UIMainStoryboardFile = Main;
				INFOPLIST_KEY_UISupportedInterfaceOrientations_iPad = "UIInterfaceOrientationPortrait UIInterfaceOrientationPortraitUpsideDown UIInterfaceOrientationLandscapeLeft UIInterfaceOrientationLandscapeRight";
				INFOPLIST_KEY_UISupportedInterfaceOrientations_iPhone = "UIInterfaceOrientationPortrait UIInterfaceOrientationLandscapeLeft UIInterfaceOrientationLandscapeRight";
				IPHONEOS_DEPLOYMENT_TARGET = 11.0;
				LD_RUNPATH_SEARCH_PATHS = (
					"$(inherited)",
					"@executable_path/Frameworks",
				);
				MARKETING_VERSION = 1.0;
				PRODUCT_BUNDLE_IDENTIFIER = com.ldakhoa.Weather;
				PRODUCT_NAME = "$(TARGET_NAME)";
				SWIFT_EMIT_LOC_STRINGS = YES;
				SWIFT_VERSION = 5.0;
				TARGETED_DEVICE_FAMILY = "1,2";
			};
			name = Debug;
		};
		6ACE3B9A27FB4DFE009DAAF5 /* Release */ = {
			isa = XCBuildConfiguration;
			buildSettings = {
				ASSETCATALOG_COMPILER_APPICON_NAME = AppIcon;
				ASSETCATALOG_COMPILER_GLOBAL_ACCENT_COLOR_NAME = AccentColor;
				CODE_SIGN_STYLE = Automatic;
				CURRENT_PROJECT_VERSION = 1;
				DEVELOPMENT_TEAM = 5SB3H4Y5NS;
				GENERATE_INFOPLIST_FILE = YES;
				INFOPLIST_FILE = Weather/Resources/Info.plist;
				INFOPLIST_KEY_UIApplicationSupportsIndirectInputEvents = YES;
				INFOPLIST_KEY_UILaunchStoryboardName = LaunchScreen;
				INFOPLIST_KEY_UIMainStoryboardFile = Main;
				INFOPLIST_KEY_UISupportedInterfaceOrientations_iPad = "UIInterfaceOrientationPortrait UIInterfaceOrientationPortraitUpsideDown UIInterfaceOrientationLandscapeLeft UIInterfaceOrientationLandscapeRight";
				INFOPLIST_KEY_UISupportedInterfaceOrientations_iPhone = "UIInterfaceOrientationPortrait UIInterfaceOrientationLandscapeLeft UIInterfaceOrientationLandscapeRight";
				IPHONEOS_DEPLOYMENT_TARGET = 11.0;
				LD_RUNPATH_SEARCH_PATHS = (
					"$(inherited)",
					"@executable_path/Frameworks",
				);
				MARKETING_VERSION = 1.0;
				PRODUCT_BUNDLE_IDENTIFIER = com.ldakhoa.Weather;
				PRODUCT_NAME = "$(TARGET_NAME)";
				SWIFT_EMIT_LOC_STRINGS = YES;
				SWIFT_VERSION = 5.0;
				TARGETED_DEVICE_FAMILY = "1,2";
			};
			name = Release;
		};
		6ACE3B9C27FB4DFE009DAAF5 /* Debug */ = {
			isa = XCBuildConfiguration;
			buildSettings = {
				ALWAYS_EMBED_SWIFT_STANDARD_LIBRARIES = YES;
				BUNDLE_LOADER = "$(TEST_HOST)";
				CODE_SIGN_STYLE = Automatic;
				CURRENT_PROJECT_VERSION = 1;
				DEVELOPMENT_TEAM = 5SB3H4Y5NS;
				GENERATE_INFOPLIST_FILE = YES;
				IPHONEOS_DEPLOYMENT_TARGET = 15.2;
				MARKETING_VERSION = 1.0;
				PRODUCT_BUNDLE_IDENTIFIER = com.ldakhoa.WeatherTests;
				PRODUCT_NAME = "$(TARGET_NAME)";
				SWIFT_EMIT_LOC_STRINGS = NO;
				SWIFT_VERSION = 5.0;
				TARGETED_DEVICE_FAMILY = "1,2";
				TEST_HOST = "$(BUILT_PRODUCTS_DIR)/Weather.app/Weather";
			};
			name = Debug;
		};
		6ACE3B9D27FB4DFE009DAAF5 /* Release */ = {
			isa = XCBuildConfiguration;
			buildSettings = {
				ALWAYS_EMBED_SWIFT_STANDARD_LIBRARIES = YES;
				BUNDLE_LOADER = "$(TEST_HOST)";
				CODE_SIGN_STYLE = Automatic;
				CURRENT_PROJECT_VERSION = 1;
				DEVELOPMENT_TEAM = 5SB3H4Y5NS;
				GENERATE_INFOPLIST_FILE = YES;
				IPHONEOS_DEPLOYMENT_TARGET = 15.2;
				MARKETING_VERSION = 1.0;
				PRODUCT_BUNDLE_IDENTIFIER = com.ldakhoa.WeatherTests;
				PRODUCT_NAME = "$(TARGET_NAME)";
				SWIFT_EMIT_LOC_STRINGS = NO;
				SWIFT_VERSION = 5.0;
				TARGETED_DEVICE_FAMILY = "1,2";
				TEST_HOST = "$(BUILT_PRODUCTS_DIR)/Weather.app/Weather";
			};
			name = Release;
		};
/* End XCBuildConfiguration section */

/* Begin XCConfigurationList section */
		6ACE3B6927FB4DFC009DAAF5 /* Build configuration list for PBXProject "Weather" */ = {
			isa = XCConfigurationList;
			buildConfigurations = (
				6ACE3B9627FB4DFE009DAAF5 /* Debug */,
				6ACE3B9727FB4DFE009DAAF5 /* Release */,
			);
			defaultConfigurationIsVisible = 0;
			defaultConfigurationName = Release;
		};
		6ACE3B9827FB4DFE009DAAF5 /* Build configuration list for PBXNativeTarget "Weather" */ = {
			isa = XCConfigurationList;
			buildConfigurations = (
				6ACE3B9927FB4DFE009DAAF5 /* Debug */,
				6ACE3B9A27FB4DFE009DAAF5 /* Release */,
			);
			defaultConfigurationIsVisible = 0;
			defaultConfigurationName = Release;
		};
		6ACE3B9B27FB4DFE009DAAF5 /* Build configuration list for PBXNativeTarget "WeatherTests" */ = {
			isa = XCConfigurationList;
			buildConfigurations = (
				6ACE3B9C27FB4DFE009DAAF5 /* Debug */,
				6ACE3B9D27FB4DFE009DAAF5 /* Release */,
			);
			defaultConfigurationIsVisible = 0;
			defaultConfigurationName = Release;
		};
/* End XCConfigurationList section */
	};
	rootObject = 6ACE3B6627FB4DFC009DAAF5 /* Project object */;
}
